
Microsoft Visual Studio Solution File, Format Version 12.00
# Visual Studio 15
VisualStudioVersion = 15.0.27130.2027
MinimumVisualStudioVersion = 10.0.40219.1
Project("{FAE04EC0-301F-11D3-BF4B-00C04F79EFBC}") = "NPCdApp", "NPCdApp\NPCdApp.csproj", "{2A4B9F7A-AC3A-4732-B3EE-7E9FF731201C}"
EndProject
Project("{FAE04EC0-301F-11D3-BF4B-00C04F79EFBC}") = "NPCPointBluepaper", "NPCPointBluepaper\NPCPointBluepaper.csproj", "{402A8622-A620-4850-BE8B-0790B5956369}"
EndProject
Global
	GlobalSection(SolutionConfigurationPlatforms) = preSolution
		Debug|Any CPU = Debug|Any CPU
		Release|Any CPU = Release|Any CPU
	EndGlobalSection
	GlobalSection(ProjectConfigurationPlatforms) = postSolution
		{2A4B9F7A-AC3A-4732-B3EE-7E9FF731201C}.Debug|Any CPU.ActiveCfg = Debug|Any CPU
		{2A4B9F7A-AC3A-4732-B3EE-7E9FF731201C}.Debug|Any CPU.Build.0 = Debug|Any CPU
		{2A4B9F7A-AC3A-4732-B3EE-7E9FF731201C}.Release|Any CPU.ActiveCfg = Release|Any CPU
		{2A4B9F7A-AC3A-4732-B3EE-7E9FF731201C}.Release|Any CPU.Build.0 = Release|Any CPU
		{402A8622-A620-4850-BE8B-0790B5956369}.Debug|Any CPU.ActiveCfg = Debug|Any CPU
		{402A8622-A620-4850-BE8B-0790B5956369}.Debug|Any CPU.Build.0 = Debug|Any CPU
		{402A8622-A620-4850-BE8B-0790B5956369}.Release|Any CPU.ActiveCfg = Release|Any CPU
		{402A8622-A620-4850-BE8B-0790B5956369}.Release|Any CPU.Build.0 = Release|Any CPU
	EndGlobalSection
	GlobalSection(SolutionProperties) = preSolution
		HideSolutionNode = FALSE
	EndGlobalSection
	GlobalSection(ExtensibilityGlobals) = postSolution
		SolutionGuid = {DCF85928-809E-47E5-BBB1-F399DFBE08A0}
	EndGlobalSection
EndGlobal
